
Microsoft Visual Studio Solution File, Format Version 12.00
# Visual Studio Version 17
VisualStudioVersion = 17.7.34009.444
MinimumVisualStudioVersion = 10.0.40219.1
Project("{FAE04EC0-301F-11D3-BF4B-00C04F79EFBC}") = "AspNetCoreIdentityApp.Web", "AspNetCoreIdentityApp.Web\AspNetCoreIdentityApp.Web.csproj", "{5DE9AE20-65A1-4FA5-B397-B355A2B6D16F}"
EndProject
Global
	GlobalSection(SolutionConfigurationPlatforms) = preSolution
		Debug|Any CPU = Debug|Any CPU
		Release|Any CPU = Release|Any CPU
	EndGlobalSection
	GlobalSection(ProjectConfigurationPlatforms) = postSolution
		{5DE9AE20-65A1-4FA5-B397-B355A2B6D16F}.Debug|Any CPU.ActiveCfg = Debug|Any CPU
		{5DE9AE20-65A1-4FA5-B397-B355A2B6D16F}.Debug|Any CPU.Build.0 = Debug|Any CPU
		{5DE9AE20-65A1-4FA5-B397-B355A2B6D16F}.Release|Any CPU.ActiveCfg = Release|Any CPU
		{5DE9AE20-65A1-4FA5-B397-B355A2B6D16F}.Release|Any CPU.Build.0 = Release|Any CPU
	EndGlobalSection
	GlobalSection(SolutionProperties) = preSolution
		HideSolutionNode = FALSE
	EndGlobalSection
	GlobalSection(ExtensibilityGlobals) = postSolution
		SolutionGuid = {2CF0361C-5E84-4B66-8119-075F01213701}
	EndGlobalSection
EndGlobal
